# This file was autogenerated by Stack.
# You should not edit this file by hand.
# For more information, please see the documentation at:
#   https://docs.haskellstack.org/en/stable/lock_files

packages:
- completed:
    hackage: smtLib-1.1@sha256:6e80aa14ae39adb238a12ec404c3034a8d54a8e6d1656075383fff5e6854b224,850
    pantry-tree:
      size: 965
      sha256: 3bc0595a3de0772ebb5576fae7a98e29debc026ba76fbe346dfe7a5f814e79d1
  original:
    hackage: smtLib-1.1@sha256:6e80aa14ae39adb238a12ec404c3034a8d54a8e6d1656075383fff5e6854b224
- completed:
    hackage: simple-smt-0.9.4@sha256:93746e0c4bade39c9848549103de5b65b169f1faa5b76c7b9bcde2031f31c58f,775
    pantry-tree:
      size: 253
      sha256: f03c5f3b6601b8d9939f1f1bc6e593117f0633da1689a7ff13f7201b42394e38
  original:
    hackage: simple-smt-0.9.4@sha256:93746e0c4bade39c9848549103de5b65b169f1faa5b76c7b9bcde2031f31c58f
snapshots:
- completed:
    size: 498186
    url: https://raw.githubusercontent.com/commercialhaskell/stackage-snapshots/master/lts/13/22.yaml
    sha256: d4f07dc3d5658260c2fe34266ad7618f6c84d34decf559c9c786ac1cfccf4e7b
  original: lts-13.22
