# This file was autogenerated by Stack.
# You should not edit this file by hand.
# For more information, please see the documentation at:
#   https://docs.haskellstack.org/en/stable/lock_files

packages:
- completed:
    name: simple-smt
    version: 0.9.7
    git: https://github.com/rcdickerson/simple-smt
    pantry-tree:
      size: 357
      sha256: d51b2d8281399a245fe213908f7ec2ad36413d96c07fb1ecf9ef9e8a23d16e95
    commit: e462b960b2fb8b9ba803aa8ffc1342e64ba2260b
  original:
    git: https://github.com/rcdickerson/simple-smt
    commit: e462b960b2fb8b9ba803aa8ffc1342e64ba2260b
snapshots:
- completed:
    size: 567037
    url: https://raw.githubusercontent.com/commercialhaskell/stackage-snapshots/master/lts/17/9.yaml
    sha256: d7d8d5106e53d1669964bd8bd2b0f88a5ad192d772f5376384b76738fd992311
  original:
    url: https://raw.githubusercontent.com/commercialhaskell/stackage-snapshots/master/lts/17/9.yaml
